// !$*UTF8*$!
{
	archiveVersion = 1;
	classes = {
	};
	objectVersion = 50;
	objects = {

/* Begin PBXBuildFile section */
		A75FDEB02198B39300813295 /* AppDelegate.swift in Sources */ = {isa = PBXBuildFile; fileRef = A75FDEAF2198B39300813295 /* AppDelegate.swift */; };
		A75FDEB22198B39300813295 /* ViewController.swift in Sources */ = {isa = PBXBuildFile; fileRef = A75FDEB12198B39300813295 /* ViewController.swift */; };
		A75FDEB52198B39300813295 /* Main.storyboard in Resources */ = {isa = PBXBuildFile; fileRef = A75FDEB32198B39300813295 /* Main.storyboard */; };
		A75FDEB72198B39400813295 /* Assets.xcassets in Resources */ = {isa = PBXBuildFile; fileRef = A75FDEB62198B39400813295 /* Assets.xcassets */; };
		A75FDEBA2198B39400813295 /* LaunchScreen.storyboard in Resources */ = {isa = PBXBuildFile; fileRef = A75FDEB82198B39400813295 /* LaunchScreen.storyboard */; };
		A75FDEC42198B42800813295 /* sign.swift in Sources */ = {isa = PBXBuildFile; fileRef = A75FDEC32198B42800813295 /* sign.swift */; };
		A75FDEC62198B61D00813295 /* gameState.swift in Sources */ = {isa = PBXBuildFile; fileRef = A75FDEC52198B61D00813295 /* gameState.swift */; };
/* End PBXBuildFile section */

/* Begin PBXFileReference section */
		A75FDEAC2198B39300813295 /* rockPaperscissors.app */ = {isa = PBXFileReference; explicitFileType = wrapper.application; includeInIndex = 0; path = rockPaperscissors.app; sourceTree = BUILT_PRODUCTS_DIR; };
		A75FDEAF2198B39300813295 /* AppDelegate.swift */ = {isa = PBXFileReference; lastKnownFileType = sourcecode.swift; path = AppDelegate.swift; sourceTree = "<group>"; };
		A75FDEB12198B39300813295 /* ViewController.swift */ = {isa = PBXFileReference; lastKnownFileType = sourcecode.swift; path = ViewController.swift; sourceTree = "<group>"; };
		A75FDEB42198B39300813295 /* Base */ = {isa = PBXFileReference; lastKnownFileType = file.storyboard; name = Base; path = Base.lproj/Main.storyboard; sourceTree = "<group>"; };
		A75FDEB62198B39400813295 /* Assets.xcassets */ = {isa = PBXFileReference; lastKnownFileType = folder.assetcatalog; path = Assets.xcassets; sourceTree = "<group>"; };
		A75FDEB92198B39400813295 /* Base */ = {isa = PBXFileReference; lastKnownFileType = file.storyboard; name = Base; path = Base.lproj/LaunchScreen.storyboard; sourceTree = "<group>"; };
		A75FDEBB2198B39400813295 /* Info.plist */ = {isa = PBXFileReference; lastKnownFileType = text.plist.xml; path = Info.plist; sourceTree = "<group>"; };
		A75FDEC32198B42800813295 /* sign.swift */ = {isa = PBXFileReference; lastKnownFileType = sourcecode.swift; path = sign.swift; sourceTree = "<group>"; };
		A75FDEC52198B61D00813295 /* gameState.swift */ = {isa = PBXFileReference; lastKnownFileType = sourcecode.swift; path = gameState.swift; sourceTree = "<group>"; };
/* End PBXFileReference section */

/* Begin PBXFrameworksBuildPhase section */
		A75FDEA92198B39300813295 /* Frameworks */ = {
			isa = PBXFrameworksBuildPhase;
			buildActionMask = 2147483647;
			files = (
			);
			runOnlyForDeploymentPostprocessing = 0;
		};
/* End PBXFrameworksBuildPhase section */

/* Begin PBXGroup section */
		A75FDEA32198B39300813295 = {
			isa = PBXGroup;
			children = (
				A75FDEAE2198B39300813295 /* rockPaperscissors */,
				A75FDEAD2198B39300813295 /* Products */,
			);
			sourceTree = "<group>";
		};
		A75FDEAD2198B39300813295 /* Products */ = {
			isa = PBXGroup;
			children = (
				A75FDEAC2198B39300813295 /* rockPaperscissors.app */,
			);
			name = Products;
			sourceTree = "<group>";
		};
		A75FDEAE2198B39300813295 /* rockPaperscissors */ = {
			isa = PBXGroup;
			children = (
				A75FDEC32198B42800813295 /* sign.swift */,
				A75FDEC52198B61D00813295 /* gameState.swift */,
				A75FDEAF2198B39300813295 /* AppDelegate.swift */,
				A75FDEB12198B39300813295 /* ViewController.swift */,
				A75FDEB32198B39300813295 /* Main.storyboard */,
				A75FDEB62198B39400813295 /* Assets.xcassets */,
				A75FDEB82198B39400813295 /* LaunchScreen.storyboard */,
				A75FDEBB2198B39400813295 /* Info.plist */,
			);
			path = rockPaperscissors;
			sourceTree = "<group>";
		};
/* End PBXGroup section */

/* Begin PBXNativeTarget section */
		A75FDEAB2198B39300813295 /* rockPaperscissors */ = {
			isa = PBXNativeTarget;
			buildConfigurationList = A75FDEBE2198B39400813295 /* Build configuration list for PBXNativeTarget "rockPaperscissors" */;
			buildPhases = (
				A75FDEA82198B39300813295 /* Sources */,
				A75FDEA92198B39300813295 /* Frameworks */,
				A75FDEAA2198B39300813295 /* Resources */,
			);
			buildRules = (
			);
			dependencies = (
			);
			name = rockPaperscissors;
			productName = rockPaperscissors;
			productReference = A75FDEAC2198B39300813295 /* rockPaperscissors.app */;
			productType = "com.apple.product-type.application";
		};
/* End PBXNativeTarget section */

/* Begin PBXProject section */
		A75FDEA42198B39300813295 /* Project object */ = {
			isa = PBXProject;
			attributes = {
				LastSwiftUpdateCheck = 1010;
				LastUpgradeCheck = 1010;
				ORGANIZATIONNAME = "Fredrex Enterprises";
				TargetAttributes = {
					A75FDEAB2198B39300813295 = {
						CreatedOnToolsVersion = 10.1;
					};
				};
			};
			buildConfigurationList = A75FDEA72198B39300813295 /* Build configuration list for PBXProject "rockPaperscissors" */;
			compatibilityVersion = "Xcode 9.3";
			developmentRegion = en;
			hasScannedForEncodings = 0;
			knownRegions = (
				en,
				Base,
			);
			mainGroup = A75FDEA32198B39300813295;
			productRefGroup = A75FDEAD2198B39300813295 /* Products */;
			projectDirPath = "";
			projectRoot = "";
			targets = (
				A75FDEAB2198B39300813295 /* rockPaperscissors */,
			);
		};
/* End PBXProject section */

/* Begin PBXResourcesBuildPhase section */
		A75FDEAA2198B39300813295 /* Resources */ = {
			isa = PBXResourcesBuildPhase;
			buildActionMask = 2147483647;
			files = (
				A75FDEBA2198B39400813295 /* LaunchScreen.storyboard in Resources */,
				A75FDEB72198B39400813295 /* Assets.xcassets in Resources */,
				A75FDEB52198B39300813295 /* Main.storyboard in Resources */,
			);
			runOnlyForDeploymentPostprocessing = 0;
		};
/* End PBXResourcesBuildPhase section */

/* Begin PBXSourcesBuildPhase section */
		A75FDEA82198B39300813295 /* Sources */ = {
			isa = PBXSourcesBuildPhase;
			buildActionMask = 2147483647;
			files = (
				A75FDEB22198B39300813295 /* ViewController.swift in Sources */,
				A75FDEC62198B61D00813295 /* gameState.swift in Sources */,
				A75FDEB02198B39300813295 /* AppDelegate.swift in Sources */,
				A75FDEC42198B42800813295 /* sign.swift in Sources */,
			);
			runOnlyForDeploymentPostprocessing = 0;
		};
/* End PBXSourcesBuildPhase section */

/* Begin PBXVariantGroup section */
		A75FDEB32198B39300813295 /* Main.storyboard */ = {
			isa = PBXVariantGroup;
			children = (
				A75FDEB42198B39300813295 /* Base */,
			);
			name = Main.storyboard;
			sourceTree = "<group>";
		};
		A75FDEB82198B39400813295 /* LaunchScreen.storyboard */ = {
			isa = PBXVariantGroup;
			children = (
				A75FDEB92198B39400813295 /* Base */,
			);
			name = LaunchScreen.storyboard;
			sourceTree = "<group>";
		};
/* End PBXVariantGroup section */

/* Begin XCBuildConfiguration section */
		A75FDEBC2198B39400813295 /* Debug */ = {
			isa = XCBuildConfiguration;
			buildSettings = {
				ALWAYS_SEARCH_USER_PATHS = NO;
				CLANG_ANALYZER_NONNULL = YES;
				CLANG_ANALYZER_NUMBER_OBJECT_CONVERSION = YES_AGGRESSIVE;
				CLANG_CXX_LANGUAGE_STANDARD = "gnu++14";
				CLANG_CXX_LIBRARY = "libc++";
				CLANG_ENABLE_MODULES = YES;
				CLANG_ENABLE_OBJC_ARC = YES;
				CLANG_ENABLE_OBJC_WEAK = YES;
				CLANG_WARN_BLOCK_CAPTURE_AUTORELEASING = YES;
				CLANG_WARN_BOOL_CONVERSION = YES;
				CLANG_WARN_COMMA = YES;
				CLANG_WARN_CONSTANT_CONVERSION = YES;
				CLANG_WARN_DEPRECATED_OBJC_IMPLEMENTATIONS = YES;
				CLANG_WARN_DIRECT_OBJC_ISA_USAGE = YES_ERROR;
				CLANG_WARN_DOCUMENTATION_COMMENTS = YES;
				CLANG_WARN_EMPTY_BODY = YES;
				CLANG_WARN_ENUM_CONVERSION = YES;
				CLANG_WARN_INFINITE_RECURSION = YES;
				CLANG_WARN_INT_CONVERSION = YES;
				CLANG_WARN_NON_LITERAL_NULL_CONVERSION = YES;
				CLANG_WARN_OBJC_IMPLICIT_RETAIN_SELF = YES;
				CLANG_WARN_OBJC_LITERAL_CONVERSION = YES;
				CLANG_WARN_OBJC_ROOT_CLASS = YES_ERROR;
				CLANG_WARN_RANGE_LOOP_ANALYSIS = YES;
				CLANG_WARN_STRICT_PROTOTYPES = YES;
				CLANG_WARN_SUSPICIOUS_MOVE = YES;
				CLANG_WARN_UNGUARDED_AVAILABILITY = YES_AGGRESSIVE;
				CLANG_WARN_UNREACHABLE_CODE = YES;
				CLANG_WARN__DUPLICATE_METHOD_MATCH = YES;
				CODE_SIGN_IDENTITY = "iPhone Developer";
				COPY_PHASE_STRIP = NO;
				DEBUG_INFORMATION_FORMAT = dwarf;
				ENABLE_STRICT_OBJC_MSGSEND = YES;
				ENABLE_TESTABILITY = YES;
				GCC_C_LANGUAGE_STANDARD = gnu11;
				GCC_DYNAMIC_NO_PIC = NO;
				GCC_NO_COMMON_BLOCKS = YES;
				GCC_OPTIMIZATION_LEVEL = 0;
				GCC_PREPROCESSOR_DEFINITIONS = (
					"DEBUG=1",
					"$(inherited)",
				);
				GCC_WARN_64_TO_32_BIT_CONVERSION = YES;
				GCC_WARN_ABOUT_RETURN_TYPE = YES_ERROR;
				GCC_WARN_UNDECLARED_SELECTOR = YES;
				GCC_WARN_UNINITIALIZED_AUTOS = YES_AGGRESSIVE;
				GCC_WARN_UNUSED_FUNCTION = YES;
				GCC_WARN_UNUSED_VARIABLE = YES;
				IPHONEOS_DEPLOYMENT_TARGET = 12.1;
				MTL_ENABLE_DEBUG_INFO = INCLUDE_SOURCE;
				MTL_FAST_MATH = YES;
				ONLY_ACTIVE_ARCH = YES;
				SDKROOT = iphoneos;
				SWIFT_ACTIVE_COMPILATION_CONDITIONS = DEBUG;
				SWIFT_OPTIMIZATION_LEVEL = "-Onone";
			};
			name = Debug;
		};
		A75FDEBD2198B39400813295 /* Release */ = {
			isa = XCBuildConfiguration;
			buildSettings = {
				ALWAYS_SEARCH_USER_PATHS = NO;
				CLANG_ANALYZER_NONNULL = YES;
				CLANG_ANALYZER_NUMBER_OBJECT_CONVERSION = YES_AGGRESSIVE;
				CLANG_CXX_LANGUAGE_STANDARD = "gnu++14";
				CLANG_CXX_LIBRARY = "libc++";
				CLANG_ENABLE_MODULES = YES;
				CLANG_ENABLE_OBJC_ARC = YES;
				CLANG_ENABLE_OBJC_WEAK = YES;
				CLANG_WARN_BLOCK_CAPTURE_AUTORELEASING = YES;
				CLANG_WARN_BOOL_CONVERSION = YES;
				CLANG_WARN_COMMA = YES;
				CLANG_WARN_CONSTANT_CONVERSION = YES;
				CLANG_WARN_DEPRECATED_OBJC_IMPLEMENTATIONS = YES;
				CLANG_WARN_DIRECT_OBJC_ISA_USAGE = YES_ERROR;
				CLANG_WARN_DOCUMENTATION_COMMENTS = YES;
				CLANG_WARN_EMPTY_BODY = YES;
				CLANG_WARN_ENUM_CONVERSION = YES;
				CLANG_WARN_INFINITE_RECURSION = YES;
				CLANG_WARN_INT_CONVERSION = YES;
				CLANG_WARN_NON_LITERAL_NULL_CONVERSION = YES;
				CLANG_WARN_OBJC_IMPLICIT_RETAIN_SELF = YES;
				CLANG_WARN_OBJC_LITERAL_CONVERSION = YES;
				CLANG_WARN_OBJC_ROOT_CLASS = YES_ERROR;
				CLANG_WARN_RANGE_LOOP_ANALYSIS = YES;
				CLANG_WARN_STRICT_PROTOTYPES = YES;
				CLANG_WARN_SUSPICIOUS_MOVE = YES;
				CLANG_WARN_UNGUARDED_AVAILABILITY = YES_AGGRESSIVE;
				CLANG_WARN_UNREACHABLE_CODE = YES;
				CLANG_WARN__DUPLICATE_METHOD_MATCH = YES;
				CODE_SIGN_IDENTITY = "iPhone Developer";
				COPY_PHASE_STRIP = NO;
				DEBUG_INFORMATION_FORMAT = "dwarf-with-dsym";
				ENABLE_NS_ASSERTIONS = NO;
				ENABLE_STRICT_OBJC_MSGSEND = YES;
				GCC_C_LANGUAGE_STANDARD = gnu11;
				GCC_NO_COMMON_BLOCKS = YES;
				GCC_WARN_64_TO_32_BIT_CONVERSION = YES;
				GCC_WARN_ABOUT_RETURN_TYPE = YES_ERROR;
				GCC_WARN_UNDECLARED_SELECTOR = YES;
				GCC_WARN_UNINITIALIZED_AUTOS = YES_AGGRESSIVE;
				GCC_WARN_UNUSED_FUNCTION = YES;
				GCC_WARN_UNUSED_VARIABLE = YES;
				IPHONEOS_DEPLOYMENT_TARGET = 12.1;
				MTL_ENABLE_DEBUG_INFO = NO;
				MTL_FAST_MATH = YES;
				SDKROOT = iphoneos;
				SWIFT_COMPILATION_MODE = wholemodule;
				SWIFT_OPTIMIZATION_LEVEL = "-O";
				VALIDATE_PRODUCT = YES;
			};
			name = Release;
		};
		A75FDEBF2198B39400813295 /* Debug */ = {
			isa = XCBuildConfiguration;
			buildSettings = {
				ASSETCATALOG_COMPILER_APPICON_NAME = AppIcon;
				CODE_SIGN_STYLE = Automatic;
				INFOPLIST_FILE = rockPaperscissors/Info.plist;
				LD_RUNPATH_SEARCH_PATHS = (
					"$(inherited)",
					"@executable_path/Frameworks",
				);
				PRODUCT_BUNDLE_IDENTIFIER = com.martin.frederick.rockPaperscissors;
				PRODUCT_NAME = "$(TARGET_NAME)";
				SWIFT_VERSION = 4.2;
				TARGETED_DEVICE_FAMILY = "1,2";
			};
			name = Debug;
		};
		A75FDEC02198B39400813295 /* Release */ = {
			isa = XCBuildConfiguration;
			buildSettings = {
				ASSETCATALOG_COMPILER_APPICON_NAME = AppIcon;
				CODE_SIGN_STYLE = Automatic;
				INFOPLIST_FILE = rockPaperscissors/Info.plist;
				LD_RUNPATH_SEARCH_PATHS = (
					"$(inherited)",
					"@executable_path/Frameworks",
				);
				PRODUCT_BUNDLE_IDENTIFIER = com.martin.frederick.rockPaperscissors;
				PRODUCT_NAME = "$(TARGET_NAME)";
				SWIFT_VERSION = 4.2;
				TARGETED_DEVICE_FAMILY = "1,2";
			};
			name = Release;
		};
/* End XCBuildConfiguration section */

/* Begin XCConfigurationList section */
		A75FDEA72198B39300813295 /* Build configuration list for PBXProject "rockPaperscissors" */ = {
			isa = XCConfigurationList;
			buildConfigurations = (
				A75FDEBC2198B39400813295 /* Debug */,
				A75FDEBD2198B39400813295 /* Release */,
			);
			defaultConfigurationIsVisible = 0;
			defaultConfigurationName = Release;
		};
		A75FDEBE2198B39400813295 /* Build configuration list for PBXNativeTarget "rockPaperscissors" */ = {
			isa = XCConfigurationList;
			buildConfigurations = (
				A75FDEBF2198B39400813295 /* Debug */,
				A75FDEC02198B39400813295 /* Release */,
			);
			defaultConfigurationIsVisible = 0;
			defaultConfigurationName = Release;
		};
/* End XCConfigurationList section */
	};
	rootObject = A75FDEA42198B39300813295 /* Project object */;
}
